// !$*UTF8*$!
{
	archiveVersion = 1;
	classes = {
	};
	objectVersion = 54;
	objects = {

/* Begin PBXBuildFile section */
		00E356F31AD99517003FC87E /* KLELibraryTests.m in Sources */ = {isa = PBXBuildFile; fileRef = 00E356F21AD99517003FC87E /* KLELibraryTests.m */; };
		0C80B921A6F3F58F76C31292 /* libPods-KLELibrary.a in Frameworks */ = {isa = PBXBuildFile; fileRef = 5DCACB8F33CDC322A6C60F78 /* libPods-KLELibrary.a */; };
		13B07FBC1A68108700A75B9A /* AppDelegate.mm in Sources */ = {isa = PBXBuildFile; fileRef = 13B07FB01A68108700A75B9A /* AppDelegate.mm */; };
		13B07FBF1A68108700A75B9A /* Images.xcassets in Resources */ = {isa = PBXBuildFile; fileRef = 13B07FB51A68108700A75B9A /* Images.xcassets */; };
		13B07FC11A68108700A75B9A /* main.m in Sources */ = {isa = PBXBuildFile; fileRef = 13B07FB71A68108700A75B9A /* main.m */; };
		7699B88040F8A987B510C191 /* libPods-KLELibrary-KLELibraryTests.a in Frameworks */ = {isa = PBXBuildFile; fileRef = 19F6CBCC0A4E27FBF8BF4A61 /* libPods-KLELibrary-KLELibraryTests.a */; };
		81AB9BB82411601600AC10FF /* LaunchScreen.storyboard in Resources */ = {isa = PBXBuildFile; fileRef = 81AB9BB72411601600AC10FF /* LaunchScreen.storyboard */; };
		D3842334791A4CC28451956B /* Roboto-Black.ttf in Resources */ = {isa = PBXBuildFile; fileRef = 0315A3A8BC7C435EB268451A /* Roboto-Black.ttf */; };
		E3B316254C31403EB65DC1A8 /* Roboto-BlackItalic.ttf in Resources */ = {isa = PBXBuildFile; fileRef = 6D288786FF3341859D35812C /* Roboto-BlackItalic.ttf */; };
		E5CDEA3CBFE342159A78F76A /* Roboto-Bold.ttf in Resources */ = {isa = PBXBuildFile; fileRef = 2A1E5BE60CE24F1581F1BF62 /* Roboto-Bold.ttf */; };
		B9F2B148898544A19FB0F164 /* Roboto-BoldItalic.ttf in Resources */ = {isa = PBXBuildFile; fileRef = D785CD1E0AA04F7F9D5BBA89 /* Roboto-BoldItalic.ttf */; };
		3E4C349D14E64466AE231B20 /* Roboto-Italic.ttf in Resources */ = {isa = PBXBuildFile; fileRef = FC3E8E84E8944A99BCB11EF8 /* Roboto-Italic.ttf */; };
		802B8DA3918843EDABFF66F6 /* Roboto-Light.ttf in Resources */ = {isa = PBXBuildFile; fileRef = CC04E92BFFC34750BBF642EA /* Roboto-Light.ttf */; };
		C98A5B1628F0482F8D2DC041 /* Roboto-LightItalic.ttf in Resources */ = {isa = PBXBuildFile; fileRef = E0D62C0C4B344FDC9A1DB56A /* Roboto-LightItalic.ttf */; };
		5564348E868A400C9A642333 /* Roboto-Medium.ttf in Resources */ = {isa = PBXBuildFile; fileRef = 223717FCF683466FB849C92A /* Roboto-Medium.ttf */; };
		B605063A214A4C0EA84C8AFD /* Roboto-MediumItalic.ttf in Resources */ = {isa = PBXBuildFile; fileRef = EA66BBC7E9E9406E9CEA653A /* Roboto-MediumItalic.ttf */; };
		57B53F3934074DB180658B2F /* Roboto-Regular.ttf in Resources */ = {isa = PBXBuildFile; fileRef = 16A5E928E1F6467CBCFCB289 /* Roboto-Regular.ttf */; };
		EF06B42B665C43C7832C678A /* Roboto-Thin.ttf in Resources */ = {isa = PBXBuildFile; fileRef = F5BCE6E12DFE41169CE20337 /* Roboto-Thin.ttf */; };
		F849738FCD864624A0623A32 /* Roboto-ThinItalic.ttf in Resources */ = {isa = PBXBuildFile; fileRef = CD4563E8291F4B9DADC35BBF /* Roboto-ThinItalic.ttf */; };
		A166C2F110F84C83B1A5957E /* OpenSans-Bold.ttf in Resources */ = {isa = PBXBuildFile; fileRef = 45BE9DE5FBAF4D3C8FCE8A5F /* OpenSans-Bold.ttf */; };
		185EA18D16E64A81A7739E73 /* OpenSans-BoldItalic.ttf in Resources */ = {isa = PBXBuildFile; fileRef = A5895E05226D486D9FE36441 /* OpenSans-BoldItalic.ttf */; };
		FF5C71CD3A02481DBADEF478 /* OpenSans-ExtraBold.ttf in Resources */ = {isa = PBXBuildFile; fileRef = FAC0DA0EF5BB4051B9E1F139 /* OpenSans-ExtraBold.ttf */; };
		9B12F9FBFD774FF1976140F5 /* OpenSans-ExtraBoldItalic.ttf in Resources */ = {isa = PBXBuildFile; fileRef = 50300D9591404AF68BC2BD38 /* OpenSans-ExtraBoldItalic.ttf */; };
		AD569C90444F42519734E74F /* OpenSans-Italic.ttf in Resources */ = {isa = PBXBuildFile; fileRef = 252FE95A0D514252A887FE2D /* OpenSans-Italic.ttf */; };
		C011135ECC554D06A0548A2C /* OpenSans-Light.ttf in Resources */ = {isa = PBXBuildFile; fileRef = B474B6945DE44E03AE0D3672 /* OpenSans-Light.ttf */; };
		660C775CA605482092B10878 /* OpenSans-LightItalic.ttf in Resources */ = {isa = PBXBuildFile; fileRef = EF0F8CDF9BCF4EACB6B23AAB /* OpenSans-LightItalic.ttf */; };
		2B605F03E2F54170B03A8608 /* OpenSans-Medium.ttf in Resources */ = {isa = PBXBuildFile; fileRef = C104EE64E0EA4A8191A30028 /* OpenSans-Medium.ttf */; };
		B50F10EB5F4D44D5A4CDD69C /* OpenSans-MediumItalic.ttf in Resources */ = {isa = PBXBuildFile; fileRef = 4D569735860943BC818C4FA0 /* OpenSans-MediumItalic.ttf */; };
		48D143746EFA43D6A2436EEF /* OpenSans-Regular.ttf in Resources */ = {isa = PBXBuildFile; fileRef = C6E10EED92AC4E4DB3AFF4C2 /* OpenSans-Regular.ttf */; };
		F6CF2FF416AF4377AF2A99A0 /* OpenSans-SemiBold.ttf in Resources */ = {isa = PBXBuildFile; fileRef = 572BF52A572B4957967D2FAE /* OpenSans-SemiBold.ttf */; };
		BB80348057614E51B20A52F1 /* OpenSans-SemiBoldItalic.ttf in Resources */ = {isa = PBXBuildFile; fileRef = F95FF43BA2B84E6C981F6EF5 /* OpenSans-SemiBoldItalic.ttf */; };
		5CE97F2B9E734F9296589B93 /* times.ttf in Resources */ = {isa = PBXBuildFile; fileRef = 2A1E990397F2496692B2C142 /* times.ttf */; };
		B599B5CD681842178070014B /* timesbd.ttf in Resources */ = {isa = PBXBuildFile; fileRef = 712665CB4C5A43E8B2A61F2D /* timesbd.ttf */; };
		074004B37ED44762B9F7FB0C /* timesbi.ttf in Resources */ = {isa = PBXBuildFile; fileRef = B0E2EE90FBBB4FF79C62FE0A /* timesbi.ttf */; };
		C043A71CC6D8421AB997D577 /* timesi.ttf in Resources */ = {isa = PBXBuildFile; fileRef = 200C087258B24AFB98F969EE /* timesi.ttf */; };
		B580B5C5A74F4C1794186E65 /* BreezeSans-Bold.ttf in Resources */ = {isa = PBXBuildFile; fileRef = EAA073D3946448B69326735B /* BreezeSans-Bold.ttf */; };
		A31C09F65E754A5A8CE7645E /* BreezeSans-BoldCondensed.ttf in Resources */ = {isa = PBXBuildFile; fileRef = 393FCB16E92845EC91D479D0 /* BreezeSans-BoldCondensed.ttf */; };
		78BAF264378448C490AD4F5A /* BreezeSans-Light.ttf in Resources */ = {isa = PBXBuildFile; fileRef = ED5027F77C9747B795080955 /* BreezeSans-Light.ttf */; };
		A0F1BFBE93554D40ABE44E58 /* BreezeSans-LightCondensed_20150728.ttf in Resources */ = {isa = PBXBuildFile; fileRef = B751C54A52094BC2AB90FB3E /* BreezeSans-LightCondensed_20150728.ttf */; };
		0096D69F3E0747A0991F9B67 /* BreezeSans-MediumCondensed_20150728.ttf in Resources */ = {isa = PBXBuildFile; fileRef = 164D91536B1B4C6EB7B43298 /* BreezeSans-MediumCondensed_20150728.ttf */; };
		DBD2AB4081464E498822FECE /* BreezeSans-Medium_20150728.ttf in Resources */ = {isa = PBXBuildFile; fileRef = 2D655DE1817B47DEA490AA84 /* BreezeSans-Medium_20150728.ttf */; };
		A7392E9AE137437399D768A5 /* BreezeSans-Regular.ttf in Resources */ = {isa = PBXBuildFile; fileRef = FEF3257C1A4543FEA0F99D85 /* BreezeSans-Regular.ttf */; };
		E8F9129B1CD44C07A82E2E4D /* BreezeSans-RegularCondensed.ttf in Resources */ = {isa = PBXBuildFile; fileRef = 220D6344A76F4FA983651CB8 /* BreezeSans-RegularCondensed.ttf */; };
		24AFDEE82B114A2F8F131C4A /* BreezeSans-Thin.ttf in Resources */ = {isa = PBXBuildFile; fileRef = 0A91DA000EA1440681B38E61 /* BreezeSans-Thin.ttf */; };
		4D3289AEB5D946F19F41D506 /* BreezeSans-ThinCondensed.ttf in Resources */ = {isa = PBXBuildFile; fileRef = 90CD05E438EF4BCDAD620392 /* BreezeSans-ThinCondensed.ttf */; };
/* End PBXBuildFile section */

/* Begin PBXContainerItemProxy section */
		00E356F41AD99517003FC87E /* PBXContainerItemProxy */ = {
			isa = PBXContainerItemProxy;
			containerPortal = 83CBB9F71A601CBA00E9B192 /* Project object */;
			proxyType = 1;
			remoteGlobalIDString = 13B07F861A680F5B00A75B9A;
			remoteInfo = "KLELibrary";
		};
/* End PBXContainerItemProxy section */

/* Begin PBXFileReference section */
		00E356EE1AD99517003FC87E /* KLELibraryTests.xctest */ = {isa = PBXFileReference; explicitFileType = wrapper.cfbundle; includeInIndex = 0; path = "KLELibraryTests.xctest"; sourceTree = BUILT_PRODUCTS_DIR; };
		00E356F11AD99517003FC87E /* Info.plist */ = {isa = PBXFileReference; lastKnownFileType = text.plist.xml; path = Info.plist; sourceTree = "<group>"; };
		00E356F21AD99517003FC87E /* KLELibraryTests.m */ = {isa = PBXFileReference; lastKnownFileType = sourcecode.c.objc; path = "KLELibraryTests.m"; sourceTree = "<group>"; };
		13B07F961A680F5B00A75B9A /* KLELibrary.app */ = {isa = PBXFileReference; explicitFileType = wrapper.application; includeInIndex = 0; path = "KLELibrary.app"; sourceTree = BUILT_PRODUCTS_DIR; };
		13B07FAF1A68108700A75B9A /* AppDelegate.h */ = {isa = PBXFileReference; fileEncoding = 4; lastKnownFileType = sourcecode.c.h; name = AppDelegate.h; path = "KLELibrary/AppDelegate.h"; sourceTree = "<group>"; };
		13B07FB01A68108700A75B9A /* AppDelegate.mm */ = {isa = PBXFileReference; fileEncoding = 4; lastKnownFileType = sourcecode.cpp.objcpp; name = AppDelegate.mm; path = "KLELibrary/AppDelegate.mm"; sourceTree = "<group>"; };
		13B07FB51A68108700A75B9A /* Images.xcassets */ = {isa = PBXFileReference; lastKnownFileType = folder.assetcatalog; name = Images.xcassets; path = "KLELibrary/Images.xcassets"; sourceTree = "<group>"; };
		13B07FB61A68108700A75B9A /* Info.plist */ = {isa = PBXFileReference; fileEncoding = 4; lastKnownFileType = text.plist.xml; name = Info.plist; path = "KLELibrary/Info.plist"; sourceTree = "<group>"; };
		13B07FB71A68108700A75B9A /* main.m */ = {isa = PBXFileReference; fileEncoding = 4; lastKnownFileType = sourcecode.c.objc; name = main.m; path = "KLELibrary/main.m"; sourceTree = "<group>"; };
		19F6CBCC0A4E27FBF8BF4A61 /* libPods-KLELibrary-KLELibraryTests.a */ = {isa = PBXFileReference; explicitFileType = archive.ar; includeInIndex = 0; path = "libPods-KLELibrary-KLELibraryTests.a"; sourceTree = BUILT_PRODUCTS_DIR; };
		3B4392A12AC88292D35C810B /* Pods-KLELibrary.debug.xcconfig */ = {isa = PBXFileReference; includeInIndex = 1; lastKnownFileType = text.xcconfig; name = "Pods-KLELibrary.debug.xcconfig"; path = "Target Support Files/Pods-KLELibrary/Pods-KLELibrary.debug.xcconfig"; sourceTree = "<group>"; };
		5709B34CF0A7D63546082F79 /* Pods-KLELibrary.release.xcconfig */ = {isa = PBXFileReference; includeInIndex = 1; lastKnownFileType = text.xcconfig; name = "Pods-KLELibrary.release.xcconfig"; path = "Target Support Files/Pods-KLELibrary/Pods-KLELibrary.release.xcconfig"; sourceTree = "<group>"; };
		5B7EB9410499542E8C5724F5 /* Pods-KLELibrary-KLELibraryTests.debug.xcconfig */ = {isa = PBXFileReference; includeInIndex = 1; lastKnownFileType = text.xcconfig; name = "Pods-KLELibrary-KLELibraryTests.debug.xcconfig"; path = "Target Support Files/Pods-KLELibrary-KLELibraryTests/Pods-KLELibrary-KLELibraryTests.debug.xcconfig"; sourceTree = "<group>"; };
		5DCACB8F33CDC322A6C60F78 /* libPods-KLELibrary.a */ = {isa = PBXFileReference; explicitFileType = archive.ar; includeInIndex = 0; path = "libPods-KLELibrary.a"; sourceTree = BUILT_PRODUCTS_DIR; };
		81AB9BB72411601600AC10FF /* LaunchScreen.storyboard */ = {isa = PBXFileReference; fileEncoding = 4; lastKnownFileType = file.storyboard; name = LaunchScreen.storyboard; path = "KLELibrary/LaunchScreen.storyboard"; sourceTree = "<group>"; };
		89C6BE57DB24E9ADA2F236DE /* Pods-KLELibrary-KLELibraryTests.release.xcconfig */ = {isa = PBXFileReference; includeInIndex = 1; lastKnownFileType = text.xcconfig; name = "Pods-KLELibrary-KLELibraryTests.release.xcconfig"; path = "Target Support Files/Pods-KLELibrary-KLELibraryTests/Pods-KLELibrary-KLELibraryTests.release.xcconfig"; sourceTree = "<group>"; };
		ED297162215061F000B7C4FE /* JavaScriptCore.framework */ = {isa = PBXFileReference; lastKnownFileType = wrapper.framework; name = JavaScriptCore.framework; path = System/Library/Frameworks/JavaScriptCore.framework; sourceTree = SDKROOT; };
		0315A3A8BC7C435EB268451A /* Roboto-Black.ttf */ = {isa = PBXFileReference; name = "Roboto-Black.ttf"; path = "../src/assets/fonts/Roboto-Black.ttf"; sourceTree = "<group>"; fileEncoding = undefined; lastKnownFileType = unknown; explicitFileType = undefined; includeInIndex = 0; };
		6D288786FF3341859D35812C /* Roboto-BlackItalic.ttf */ = {isa = PBXFileReference; name = "Roboto-BlackItalic.ttf"; path = "../src/assets/fonts/Roboto-BlackItalic.ttf"; sourceTree = "<group>"; fileEncoding = undefined; lastKnownFileType = unknown; explicitFileType = undefined; includeInIndex = 0; };
		2A1E5BE60CE24F1581F1BF62 /* Roboto-Bold.ttf */ = {isa = PBXFileReference; name = "Roboto-Bold.ttf"; path = "../src/assets/fonts/Roboto-Bold.ttf"; sourceTree = "<group>"; fileEncoding = undefined; lastKnownFileType = unknown; explicitFileType = undefined; includeInIndex = 0; };
		D785CD1E0AA04F7F9D5BBA89 /* Roboto-BoldItalic.ttf */ = {isa = PBXFileReference; name = "Roboto-BoldItalic.ttf"; path = "../src/assets/fonts/Roboto-BoldItalic.ttf"; sourceTree = "<group>"; fileEncoding = undefined; lastKnownFileType = unknown; explicitFileType = undefined; includeInIndex = 0; };
		FC3E8E84E8944A99BCB11EF8 /* Roboto-Italic.ttf */ = {isa = PBXFileReference; name = "Roboto-Italic.ttf"; path = "../src/assets/fonts/Roboto-Italic.ttf"; sourceTree = "<group>"; fileEncoding = undefined; lastKnownFileType = unknown; explicitFileType = undefined; includeInIndex = 0; };
		CC04E92BFFC34750BBF642EA /* Roboto-Light.ttf */ = {isa = PBXFileReference; name = "Roboto-Light.ttf"; path = "../src/assets/fonts/Roboto-Light.ttf"; sourceTree = "<group>"; fileEncoding = undefined; lastKnownFileType = unknown; explicitFileType = undefined; includeInIndex = 0; };
		E0D62C0C4B344FDC9A1DB56A /* Roboto-LightItalic.ttf */ = {isa = PBXFileReference; name = "Roboto-LightItalic.ttf"; path = "../src/assets/fonts/Roboto-LightItalic.ttf"; sourceTree = "<group>"; fileEncoding = undefined; lastKnownFileType = unknown; explicitFileType = undefined; includeInIndex = 0; };
		223717FCF683466FB849C92A /* Roboto-Medium.ttf */ = {isa = PBXFileReference; name = "Roboto-Medium.ttf"; path = "../src/assets/fonts/Roboto-Medium.ttf"; sourceTree = "<group>"; fileEncoding = undefined; lastKnownFileType = unknown; explicitFileType = undefined; includeInIndex = 0; };
		EA66BBC7E9E9406E9CEA653A /* Roboto-MediumItalic.ttf */ = {isa = PBXFileReference; name = "Roboto-MediumItalic.ttf"; path = "../src/assets/fonts/Roboto-MediumItalic.ttf"; sourceTree = "<group>"; fileEncoding = undefined; lastKnownFileType = unknown; explicitFileType = undefined; includeInIndex = 0; };
		16A5E928E1F6467CBCFCB289 /* Roboto-Regular.ttf */ = {isa = PBXFileReference; name = "Roboto-Regular.ttf"; path = "../src/assets/fonts/Roboto-Regular.ttf"; sourceTree = "<group>"; fileEncoding = undefined; lastKnownFileType = unknown; explicitFileType = undefined; includeInIndex = 0; };
		F5BCE6E12DFE41169CE20337 /* Roboto-Thin.ttf */ = {isa = PBXFileReference; name = "Roboto-Thin.ttf"; path = "../src/assets/fonts/Roboto-Thin.ttf"; sourceTree = "<group>"; fileEncoding = undefined; lastKnownFileType = unknown; explicitFileType = undefined; includeInIndex = 0; };
		CD4563E8291F4B9DADC35BBF /* Roboto-ThinItalic.ttf */ = {isa = PBXFileReference; name = "Roboto-ThinItalic.ttf"; path = "../src/assets/fonts/Roboto-ThinItalic.ttf"; sourceTree = "<group>"; fileEncoding = undefined; lastKnownFileType = unknown; explicitFileType = undefined; includeInIndex = 0; };
		45BE9DE5FBAF4D3C8FCE8A5F /* OpenSans-Bold.ttf */ = {isa = PBXFileReference; name = "OpenSans-Bold.ttf"; path = "../src/assets/fonts/OpenSans-Bold.ttf"; sourceTree = "<group>"; fileEncoding = undefined; lastKnownFileType = unknown; explicitFileType = undefined; includeInIndex = 0; };
		A5895E05226D486D9FE36441 /* OpenSans-BoldItalic.ttf */ = {isa = PBXFileReference; name = "OpenSans-BoldItalic.ttf"; path = "../src/assets/fonts/OpenSans-BoldItalic.ttf"; sourceTree = "<group>"; fileEncoding = undefined; lastKnownFileType = unknown; explicitFileType = undefined; includeInIndex = 0; };
		FAC0DA0EF5BB4051B9E1F139 /* OpenSans-ExtraBold.ttf */ = {isa = PBXFileReference; name = "OpenSans-ExtraBold.ttf"; path = "../src/assets/fonts/OpenSans-ExtraBold.ttf"; sourceTree = "<group>"; fileEncoding = undefined; lastKnownFileType = unknown; explicitFileType = undefined; includeInIndex = 0; };
		50300D9591404AF68BC2BD38 /* OpenSans-ExtraBoldItalic.ttf */ = {isa = PBXFileReference; name = "OpenSans-ExtraBoldItalic.ttf"; path = "../src/assets/fonts/OpenSans-ExtraBoldItalic.ttf"; sourceTree = "<group>"; fileEncoding = undefined; lastKnownFileType = unknown; explicitFileType = undefined; includeInIndex = 0; };
		252FE95A0D514252A887FE2D /* OpenSans-Italic.ttf */ = {isa = PBXFileReference; name = "OpenSans-Italic.ttf"; path = "../src/assets/fonts/OpenSans-Italic.ttf"; sourceTree = "<group>"; fileEncoding = undefined; lastKnownFileType = unknown; explicitFileType = undefined; includeInIndex = 0; };
		B474B6945DE44E03AE0D3672 /* OpenSans-Light.ttf */ = {isa = PBXFileReference; name = "OpenSans-Light.ttf"; path = "../src/assets/fonts/OpenSans-Light.ttf"; sourceTree = "<group>"; fileEncoding = undefined; lastKnownFileType = unknown; explicitFileType = undefined; includeInIndex = 0; };
		EF0F8CDF9BCF4EACB6B23AAB /* OpenSans-LightItalic.ttf */ = {isa = PBXFileReference; name = "OpenSans-LightItalic.ttf"; path = "../src/assets/fonts/OpenSans-LightItalic.ttf"; sourceTree = "<group>"; fileEncoding = undefined; lastKnownFileType = unknown; explicitFileType = undefined; includeInIndex = 0; };
		C104EE64E0EA4A8191A30028 /* OpenSans-Medium.ttf */ = {isa = PBXFileReference; name = "OpenSans-Medium.ttf"; path = "../src/assets/fonts/OpenSans-Medium.ttf"; sourceTree = "<group>"; fileEncoding = undefined; lastKnownFileType = unknown; explicitFileType = undefined; includeInIndex = 0; };
		4D569735860943BC818C4FA0 /* OpenSans-MediumItalic.ttf */ = {isa = PBXFileReference; name = "OpenSans-MediumItalic.ttf"; path = "../src/assets/fonts/OpenSans-MediumItalic.ttf"; sourceTree = "<group>"; fileEncoding = undefined; lastKnownFileType = unknown; explicitFileType = undefined; includeInIndex = 0; };
		C6E10EED92AC4E4DB3AFF4C2 /* OpenSans-Regular.ttf */ = {isa = PBXFileReference; name = "OpenSans-Regular.ttf"; path = "../src/assets/fonts/OpenSans-Regular.ttf"; sourceTree = "<group>"; fileEncoding = undefined; lastKnownFileType = unknown; explicitFileType = undefined; includeInIndex = 0; };
		572BF52A572B4957967D2FAE /* OpenSans-SemiBold.ttf */ = {isa = PBXFileReference; name = "OpenSans-SemiBold.ttf"; path = "../src/assets/fonts/OpenSans-SemiBold.ttf"; sourceTree = "<group>"; fileEncoding = undefined; lastKnownFileType = unknown; explicitFileType = undefined; includeInIndex = 0; };
		F95FF43BA2B84E6C981F6EF5 /* OpenSans-SemiBoldItalic.ttf */ = {isa = PBXFileReference; name = "OpenSans-SemiBoldItalic.ttf"; path = "../src/assets/fonts/OpenSans-SemiBoldItalic.ttf"; sourceTree = "<group>"; fileEncoding = undefined; lastKnownFileType = unknown; explicitFileType = undefined; includeInIndex = 0; };
		2A1E990397F2496692B2C142 /* times.ttf */ = {isa = PBXFileReference; name = "times.ttf"; path = "../src/assets/fonts/times.ttf"; sourceTree = "<group>"; fileEncoding = undefined; lastKnownFileType = unknown; explicitFileType = undefined; includeInIndex = 0; };
		712665CB4C5A43E8B2A61F2D /* timesbd.ttf */ = {isa = PBXFileReference; name = "timesbd.ttf"; path = "../src/assets/fonts/timesbd.ttf"; sourceTree = "<group>"; fileEncoding = undefined; lastKnownFileType = unknown; explicitFileType = undefined; includeInIndex = 0; };
		B0E2EE90FBBB4FF79C62FE0A /* timesbi.ttf */ = {isa = PBXFileReference; name = "timesbi.ttf"; path = "../src/assets/fonts/timesbi.ttf"; sourceTree = "<group>"; fileEncoding = undefined; lastKnownFileType = unknown; explicitFileType = undefined; includeInIndex = 0; };
		200C087258B24AFB98F969EE /* timesi.ttf */ = {isa = PBXFileReference; name = "timesi.ttf"; path = "../src/assets/fonts/timesi.ttf"; sourceTree = "<group>"; fileEncoding = undefined; lastKnownFileType = unknown; explicitFileType = undefined; includeInIndex = 0; };
		EAA073D3946448B69326735B /* BreezeSans-Bold.ttf */ = {isa = PBXFileReference; name = "BreezeSans-Bold.ttf"; path = "../src/assets/fonts/BreezeSans-Bold.ttf"; sourceTree = "<group>"; fileEncoding = undefined; lastKnownFileType = unknown; explicitFileType = undefined; includeInIndex = 0; };
		393FCB16E92845EC91D479D0 /* BreezeSans-BoldCondensed.ttf */ = {isa = PBXFileReference; name = "BreezeSans-BoldCondensed.ttf"; path = "../src/assets/fonts/BreezeSans-BoldCondensed.ttf"; sourceTree = "<group>"; fileEncoding = undefined; lastKnownFileType = unknown; explicitFileType = undefined; includeInIndex = 0; };
		ED5027F77C9747B795080955 /* BreezeSans-Light.ttf */ = {isa = PBXFileReference; name = "BreezeSans-Light.ttf"; path = "../src/assets/fonts/BreezeSans-Light.ttf"; sourceTree = "<group>"; fileEncoding = undefined; lastKnownFileType = unknown; explicitFileType = undefined; includeInIndex = 0; };
		B751C54A52094BC2AB90FB3E /* BreezeSans-LightCondensed_20150728.ttf */ = {isa = PBXFileReference; name = "BreezeSans-LightCondensed_20150728.ttf"; path = "../src/assets/fonts/BreezeSans-LightCondensed_20150728.ttf"; sourceTree = "<group>"; fileEncoding = undefined; lastKnownFileType = unknown; explicitFileType = undefined; includeInIndex = 0; };
		164D91536B1B4C6EB7B43298 /* BreezeSans-MediumCondensed_20150728.ttf */ = {isa = PBXFileReference; name = "BreezeSans-MediumCondensed_20150728.ttf"; path = "../src/assets/fonts/BreezeSans-MediumCondensed_20150728.ttf"; sourceTree = "<group>"; fileEncoding = undefined; lastKnownFileType = unknown; explicitFileType = undefined; includeInIndex = 0; };
		2D655DE1817B47DEA490AA84 /* BreezeSans-Medium_20150728.ttf */ = {isa = PBXFileReference; name = "BreezeSans-Medium_20150728.ttf"; path = "../src/assets/fonts/BreezeSans-Medium_20150728.ttf"; sourceTree = "<group>"; fileEncoding = undefined; lastKnownFileType = unknown; explicitFileType = undefined; includeInIndex = 0; };
		FEF3257C1A4543FEA0F99D85 /* BreezeSans-Regular.ttf */ = {isa = PBXFileReference; name = "BreezeSans-Regular.ttf"; path = "../src/assets/fonts/BreezeSans-Regular.ttf"; sourceTree = "<group>"; fileEncoding = undefined; lastKnownFileType = unknown; explicitFileType = undefined; includeInIndex = 0; };
		220D6344A76F4FA983651CB8 /* BreezeSans-RegularCondensed.ttf */ = {isa = PBXFileReference; name = "BreezeSans-RegularCondensed.ttf"; path = "../src/assets/fonts/BreezeSans-RegularCondensed.ttf"; sourceTree = "<group>"; fileEncoding = undefined; lastKnownFileType = unknown; explicitFileType = undefined; includeInIndex = 0; };
		0A91DA000EA1440681B38E61 /* BreezeSans-Thin.ttf */ = {isa = PBXFileReference; name = "BreezeSans-Thin.ttf"; path = "../src/assets/fonts/BreezeSans-Thin.ttf"; sourceTree = "<group>"; fileEncoding = undefined; lastKnownFileType = unknown; explicitFileType = undefined; includeInIndex = 0; };
		90CD05E438EF4BCDAD620392 /* BreezeSans-ThinCondensed.ttf */ = {isa = PBXFileReference; name = "BreezeSans-ThinCondensed.ttf"; path = "../src/assets/fonts/BreezeSans-ThinCondensed.ttf"; sourceTree = "<group>"; fileEncoding = undefined; lastKnownFileType = unknown; explicitFileType = undefined; includeInIndex = 0; };
/* End PBXFileReference section */

/* Begin PBXFrameworksBuildPhase section */
		00E356EB1AD99517003FC87E /* Frameworks */ = {
			isa = PBXFrameworksBuildPhase;
			buildActionMask = 2147483647;
			files = (
				7699B88040F8A987B510C191 /* libPods-KLELibrary-KLELibraryTests.a in Frameworks */,
			);
			runOnlyForDeploymentPostprocessing = 0;
		};
		13B07F8C1A680F5B00A75B9A /* Frameworks */ = {
			isa = PBXFrameworksBuildPhase;
			buildActionMask = 2147483647;
			files = (
				0C80B921A6F3F58F76C31292 /* libPods-KLELibrary.a in Frameworks */,
			);
			runOnlyForDeploymentPostprocessing = 0;
		};
/* End PBXFrameworksBuildPhase section */

/* Begin PBXGroup section */
		00E356EF1AD99517003FC87E /* KLELibraryTests */ = {
			isa = PBXGroup;
			children = (
				00E356F21AD99517003FC87E /* KLELibraryTests.m */,
				00E356F01AD99517003FC87E /* Supporting Files */,
			);
			path = "KLELibraryTests";
			sourceTree = "<group>";
		};
		00E356F01AD99517003FC87E /* Supporting Files */ = {
			isa = PBXGroup;
			children = (
				00E356F11AD99517003FC87E /* Info.plist */,
			);
			name = "Supporting Files";
			sourceTree = "<group>";
		};
		13B07FAE1A68108700A75B9A /* KLELibrary */ = {
			isa = PBXGroup;
			children = (
				13B07FAF1A68108700A75B9A /* AppDelegate.h */,
				13B07FB01A68108700A75B9A /* AppDelegate.mm */,
				13B07FB51A68108700A75B9A /* Images.xcassets */,
				13B07FB61A68108700A75B9A /* Info.plist */,
				81AB9BB72411601600AC10FF /* LaunchScreen.storyboard */,
				13B07FB71A68108700A75B9A /* main.m */,
			);
			name = "KLELibrary";
			sourceTree = "<group>";
		};
		2D16E6871FA4F8E400B85C8A /* Frameworks */ = {
			isa = PBXGroup;
			children = (
				ED297162215061F000B7C4FE /* JavaScriptCore.framework */,
				5DCACB8F33CDC322A6C60F78 /* libPods-KLELibrary.a */,
				19F6CBCC0A4E27FBF8BF4A61 /* libPods-KLELibrary-KLELibraryTests.a */,
			);
			name = Frameworks;
			sourceTree = "<group>";
		};
		832341AE1AAA6A7D00B99B32 /* Libraries */ = {
			isa = PBXGroup;
			children = (
			);
			name = Libraries;
			sourceTree = "<group>";
		};
		83CBB9F61A601CBA00E9B192 = {
			isa = PBXGroup;
			children = (
				13B07FAE1A68108700A75B9A /* KLELibrary */,
				832341AE1AAA6A7D00B99B32 /* Libraries */,
				00E356EF1AD99517003FC87E /* KLELibraryTests */,
				83CBBA001A601CBA00E9B192 /* Products */,
				2D16E6871FA4F8E400B85C8A /* Frameworks */,
				BBD78D7AC51CEA395F1C20DB /* Pods */,
				2795C29FA22744AC93DB1B1E /* Resources */,
			);
			indentWidth = 2;
			sourceTree = "<group>";
			tabWidth = 2;
			usesTabs = 0;
		};
		83CBBA001A601CBA00E9B192 /* Products */ = {
			isa = PBXGroup;
			children = (
				13B07F961A680F5B00A75B9A /* KLELibrary.app */,
				00E356EE1AD99517003FC87E /* KLELibraryTests.xctest */,
			);
			name = Products;
			sourceTree = "<group>";
		};
		BBD78D7AC51CEA395F1C20DB /* Pods */ = {
			isa = PBXGroup;
			children = (
				3B4392A12AC88292D35C810B /* Pods-KLELibrary.debug.xcconfig */,
				5709B34CF0A7D63546082F79 /* Pods-KLELibrary.release.xcconfig */,
				5B7EB9410499542E8C5724F5 /* Pods-KLELibrary-KLELibraryTests.debug.xcconfig */,
				89C6BE57DB24E9ADA2F236DE /* Pods-KLELibrary-KLELibraryTests.release.xcconfig */,
			);
			path = Pods;
			sourceTree = "<group>";
		};
		2795C29FA22744AC93DB1B1E /* Resources */ = {
			isa = "PBXGroup";
			children = (
				0315A3A8BC7C435EB268451A /* Roboto-Black.ttf */,
				6D288786FF3341859D35812C /* Roboto-BlackItalic.ttf */,
				2A1E5BE60CE24F1581F1BF62 /* Roboto-Bold.ttf */,
				D785CD1E0AA04F7F9D5BBA89 /* Roboto-BoldItalic.ttf */,
				FC3E8E84E8944A99BCB11EF8 /* Roboto-Italic.ttf */,
				CC04E92BFFC34750BBF642EA /* Roboto-Light.ttf */,
				E0D62C0C4B344FDC9A1DB56A /* Roboto-LightItalic.ttf */,
				223717FCF683466FB849C92A /* Roboto-Medium.ttf */,
				EA66BBC7E9E9406E9CEA653A /* Roboto-MediumItalic.ttf */,
				16A5E928E1F6467CBCFCB289 /* Roboto-Regular.ttf */,
				F5BCE6E12DFE41169CE20337 /* Roboto-Thin.ttf */,
				CD4563E8291F4B9DADC35BBF /* Roboto-ThinItalic.ttf */,
				45BE9DE5FBAF4D3C8FCE8A5F /* OpenSans-Bold.ttf */,
				A5895E05226D486D9FE36441 /* OpenSans-BoldItalic.ttf */,
				FAC0DA0EF5BB4051B9E1F139 /* OpenSans-ExtraBold.ttf */,
				50300D9591404AF68BC2BD38 /* OpenSans-ExtraBoldItalic.ttf */,
				252FE95A0D514252A887FE2D /* OpenSans-Italic.ttf */,
				B474B6945DE44E03AE0D3672 /* OpenSans-Light.ttf */,
				EF0F8CDF9BCF4EACB6B23AAB /* OpenSans-LightItalic.ttf */,
				C104EE64E0EA4A8191A30028 /* OpenSans-Medium.ttf */,
				4D569735860943BC818C4FA0 /* OpenSans-MediumItalic.ttf */,
				C6E10EED92AC4E4DB3AFF4C2 /* OpenSans-Regular.ttf */,
				572BF52A572B4957967D2FAE /* OpenSans-SemiBold.ttf */,
				F95FF43BA2B84E6C981F6EF5 /* OpenSans-SemiBoldItalic.ttf */,
				2A1E990397F2496692B2C142 /* times.ttf */,
				712665CB4C5A43E8B2A61F2D /* timesbd.ttf */,
				B0E2EE90FBBB4FF79C62FE0A /* timesbi.ttf */,
				200C087258B24AFB98F969EE /* timesi.ttf */,
				EAA073D3946448B69326735B /* BreezeSans-Bold.ttf */,
				393FCB16E92845EC91D479D0 /* BreezeSans-BoldCondensed.ttf */,
				ED5027F77C9747B795080955 /* BreezeSans-Light.ttf */,
				B751C54A52094BC2AB90FB3E /* BreezeSans-LightCondensed_20150728.ttf */,
				164D91536B1B4C6EB7B43298 /* BreezeSans-MediumCondensed_20150728.ttf */,
				2D655DE1817B47DEA490AA84 /* BreezeSans-Medium_20150728.ttf */,
				FEF3257C1A4543FEA0F99D85 /* BreezeSans-Regular.ttf */,
				220D6344A76F4FA983651CB8 /* BreezeSans-RegularCondensed.ttf */,
				0A91DA000EA1440681B38E61 /* BreezeSans-Thin.ttf */,
				90CD05E438EF4BCDAD620392 /* BreezeSans-ThinCondensed.ttf */,
			);
			name = Resources;
			sourceTree = "<group>";
			path = "";
		};
/* End PBXGroup section */

/* Begin PBXNativeTarget section */
		00E356ED1AD99517003FC87E /* KLELibraryTests */ = {
			isa = PBXNativeTarget;
			buildConfigurationList = 00E357021AD99517003FC87E /* Build configuration list for PBXNativeTarget "KLELibraryTests" */;
			buildPhases = (
				A55EABD7B0C7F3A422A6CC61 /* [CP] Check Pods Manifest.lock */,
				00E356EA1AD99517003FC87E /* Sources */,
				00E356EB1AD99517003FC87E /* Frameworks */,
				00E356EC1AD99517003FC87E /* Resources */,
				C59DA0FBD6956966B86A3779 /* [CP] Embed Pods Frameworks */,
				F6A41C54EA430FDDC6A6ED99 /* [CP] Copy Pods Resources */,
			);
			buildRules = (
			);
			dependencies = (
				00E356F51AD99517003FC87E /* PBXTargetDependency */,
			);
			name = KLELibraryTests;
			productName = KLELibraryTests;
			productReference = 00E356EE1AD99517003FC87E /* KLELibraryTests.xctest */;
			productType = "com.apple.product-type.bundle.unit-test";
		};
		13B07F861A680F5B00A75B9A /* KLELibrary */ = {
			isa = PBXNativeTarget;
			buildConfigurationList = 13B07F931A680F5B00A75B9A /* Build configuration list for PBXNativeTarget "KLELibrary" */;
			buildPhases = (
				C38B50BA6285516D6DCD4F65 /* [CP] Check Pods Manifest.lock */,
				FD10A7F022414F080027D42C /* Start Packager */,
				13B07F871A680F5B00A75B9A /* Sources */,
				13B07F8C1A680F5B00A75B9A /* Frameworks */,
				13B07F8E1A680F5B00A75B9A /* Resources */,
				00DD1BFF1BD5951E006B06BC /* Bundle React Native code and images */,
				00EEFC60759A1932668264C0 /* [CP] Embed Pods Frameworks */,
				E235C05ADACE081382539298 /* [CP] Copy Pods Resources */,
			);
			buildRules = (
			);
			dependencies = (
			);
			name = "KLELibrary";
			productName = "KLELibrary";
			productReference = 13B07F961A680F5B00A75B9A /* KLELibrary.app */;
			productType = "com.apple.product-type.application";
		};
/* End PBXNativeTarget section */

/* Begin PBXProject section */
		83CBB9F71A601CBA00E9B192 /* Project object */ = {
			isa = PBXProject;
			attributes = {
				LastUpgradeCheck = 1210;
				TargetAttributes = {
					00E356ED1AD99517003FC87E = {
						CreatedOnToolsVersion = 6.2;
						TestTargetID = 13B07F861A680F5B00A75B9A;
					};
					13B07F861A680F5B00A75B9A = {
						LastSwiftMigration = 1120;
					};
				};
			};
			buildConfigurationList = 83CBB9FA1A601CBA00E9B192 /* Build configuration list for PBXProject "KLELibrary" */;
			compatibilityVersion = "Xcode 12.0";
			developmentRegion = en;
			hasScannedForEncodings = 0;
			knownRegions = (
				en,
				Base,
			);
			mainGroup = 83CBB9F61A601CBA00E9B192;
			productRefGroup = 83CBBA001A601CBA00E9B192 /* Products */;
			projectDirPath = "";
			projectRoot = "";
			targets = (
				13B07F861A680F5B00A75B9A /* KLELibrary */,
				00E356ED1AD99517003FC87E /* KLELibraryTests */,
			);
		};
/* End PBXProject section */

/* Begin PBXResourcesBuildPhase section */
		00E356EC1AD99517003FC87E /* Resources */ = {
			isa = PBXResourcesBuildPhase;
			buildActionMask = 2147483647;
			files = (
			);
			runOnlyForDeploymentPostprocessing = 0;
		};
		13B07F8E1A680F5B00A75B9A /* Resources */ = {
			isa = PBXResourcesBuildPhase;
			buildActionMask = 2147483647;
			files = (
				81AB9BB82411601600AC10FF /* LaunchScreen.storyboard in Resources */,
				13B07FBF1A68108700A75B9A /* Images.xcassets in Resources */,
				D3842334791A4CC28451956B /* Roboto-Black.ttf in Resources */,
				E3B316254C31403EB65DC1A8 /* Roboto-BlackItalic.ttf in Resources */,
				E5CDEA3CBFE342159A78F76A /* Roboto-Bold.ttf in Resources */,
				B9F2B148898544A19FB0F164 /* Roboto-BoldItalic.ttf in Resources */,
				3E4C349D14E64466AE231B20 /* Roboto-Italic.ttf in Resources */,
				802B8DA3918843EDABFF66F6 /* Roboto-Light.ttf in Resources */,
				C98A5B1628F0482F8D2DC041 /* Roboto-LightItalic.ttf in Resources */,
				5564348E868A400C9A642333 /* Roboto-Medium.ttf in Resources */,
				B605063A214A4C0EA84C8AFD /* Roboto-MediumItalic.ttf in Resources */,
				57B53F3934074DB180658B2F /* Roboto-Regular.ttf in Resources */,
				EF06B42B665C43C7832C678A /* Roboto-Thin.ttf in Resources */,
				F849738FCD864624A0623A32 /* Roboto-ThinItalic.ttf in Resources */,
				A166C2F110F84C83B1A5957E /* OpenSans-Bold.ttf in Resources */,
				185EA18D16E64A81A7739E73 /* OpenSans-BoldItalic.ttf in Resources */,
				FF5C71CD3A02481DBADEF478 /* OpenSans-ExtraBold.ttf in Resources */,
				9B12F9FBFD774FF1976140F5 /* OpenSans-ExtraBoldItalic.ttf in Resources */,
				AD569C90444F42519734E74F /* OpenSans-Italic.ttf in Resources */,
				C011135ECC554D06A0548A2C /* OpenSans-Light.ttf in Resources */,
				660C775CA605482092B10878 /* OpenSans-LightItalic.ttf in Resources */,
				2B605F03E2F54170B03A8608 /* OpenSans-Medium.ttf in Resources */,
				B50F10EB5F4D44D5A4CDD69C /* OpenSans-MediumItalic.ttf in Resources */,
				48D143746EFA43D6A2436EEF /* OpenSans-Regular.ttf in Resources */,
				F6CF2FF416AF4377AF2A99A0 /* OpenSans-SemiBold.ttf in Resources */,
				BB80348057614E51B20A52F1 /* OpenSans-SemiBoldItalic.ttf in Resources */,
				5CE97F2B9E734F9296589B93 /* times.ttf in Resources */,
				B599B5CD681842178070014B /* timesbd.ttf in Resources */,
				074004B37ED44762B9F7FB0C /* timesbi.ttf in Resources */,
				C043A71CC6D8421AB997D577 /* timesi.ttf in Resources */,
				B580B5C5A74F4C1794186E65 /* BreezeSans-Bold.ttf in Resources */,
				A31C09F65E754A5A8CE7645E /* BreezeSans-BoldCondensed.ttf in Resources */,
				78BAF264378448C490AD4F5A /* BreezeSans-Light.ttf in Resources */,
				A0F1BFBE93554D40ABE44E58 /* BreezeSans-LightCondensed_20150728.ttf in Resources */,
				0096D69F3E0747A0991F9B67 /* BreezeSans-MediumCondensed_20150728.ttf in Resources */,
				DBD2AB4081464E498822FECE /* BreezeSans-Medium_20150728.ttf in Resources */,
				A7392E9AE137437399D768A5 /* BreezeSans-Regular.ttf in Resources */,
				E8F9129B1CD44C07A82E2E4D /* BreezeSans-RegularCondensed.ttf in Resources */,
				24AFDEE82B114A2F8F131C4A /* BreezeSans-Thin.ttf in Resources */,
				4D3289AEB5D946F19F41D506 /* BreezeSans-ThinCondensed.ttf in Resources */,
			);
			runOnlyForDeploymentPostprocessing = 0;
		};
/* End PBXResourcesBuildPhase section */

/* Begin PBXShellScriptBuildPhase section */
		00DD1BFF1BD5951E006B06BC /* Bundle React Native code and images */ = {
			isa = PBXShellScriptBuildPhase;
			buildActionMask = 2147483647;
			files = (
			);
			inputPaths = (
				"$(SRCROOT)/.xcode.env.local",
				"$(SRCROOT)/.xcode.env",
			);
			name = "Bundle React Native code and images";
			outputPaths = (
			);
			runOnlyForDeploymentPostprocessing = 0;
			shellPath = /bin/sh;
			shellScript = "set -e\n\nWITH_ENVIRONMENT=\"../node_modules/react-native/scripts/xcode/with-environment.sh\"\nREACT_NATIVE_XCODE=\"../node_modules/react-native/scripts/react-native-xcode.sh\"\n\n/bin/sh -c \"$WITH_ENVIRONMENT $REACT_NATIVE_XCODE\"\n";
		};
		00EEFC60759A1932668264C0 /* [CP] Embed Pods Frameworks */ = {
			isa = PBXShellScriptBuildPhase;
			buildActionMask = 2147483647;
			files = (
			);
			inputFileListPaths = (
				"${PODS_ROOT}/Target Support Files/Pods-KLELibrary/Pods-KLELibrary-frameworks-${CONFIGURATION}-input-files.xcfilelist",
			);
			name = "[CP] Embed Pods Frameworks";
			outputFileListPaths = (
				"${PODS_ROOT}/Target Support Files/Pods-KLELibrary/Pods-KLELibrary-frameworks-${CONFIGURATION}-output-files.xcfilelist",
			);
			runOnlyForDeploymentPostprocessing = 0;
			shellPath = /bin/sh;
			shellScript = "\"${PODS_ROOT}/Target Support Files/Pods-KLELibrary/Pods-KLELibrary-frameworks.sh\"\n";
			showEnvVarsInLog = 0;
		};
		A55EABD7B0C7F3A422A6CC61 /* [CP] Check Pods Manifest.lock */ = {
			isa = PBXShellScriptBuildPhase;
			buildActionMask = 2147483647;
			files = (
			);
			inputFileListPaths = (
			);
			inputPaths = (
				"${PODS_PODFILE_DIR_PATH}/Podfile.lock",
				"${PODS_ROOT}/Manifest.lock",
			);
			name = "[CP] Check Pods Manifest.lock";
			outputFileListPaths = (
			);
			outputPaths = (
				"$(DERIVED_FILE_DIR)/Pods-KLELibrary-KLELibraryTests-checkManifestLockResult.txt",
			);
			runOnlyForDeploymentPostprocessing = 0;
			shellPath = /bin/sh;
			shellScript = "diff \"${PODS_PODFILE_DIR_PATH}/Podfile.lock\" \"${PODS_ROOT}/Manifest.lock\" > /dev/null\nif [ $? != 0 ] ; then\n    # print error to STDERR\n    echo \"error: The sandbox is not in sync with the Podfile.lock. Run 'pod install' or update your CocoaPods installation.\" >&2\n    exit 1\nfi\n# This output is used by Xcode 'outputs' to avoid re-running this script phase.\necho \"SUCCESS\" > \"${SCRIPT_OUTPUT_FILE_0}\"\n";
			showEnvVarsInLog = 0;
		};
		C38B50BA6285516D6DCD4F65 /* [CP] Check Pods Manifest.lock */ = {
			isa = PBXShellScriptBuildPhase;
			buildActionMask = 2147483647;
			files = (
			);
			inputFileListPaths = (
			);
			inputPaths = (
				"${PODS_PODFILE_DIR_PATH}/Podfile.lock",
				"${PODS_ROOT}/Manifest.lock",
			);
			name = "[CP] Check Pods Manifest.lock";
			outputFileListPaths = (
			);
			outputPaths = (
				"$(DERIVED_FILE_DIR)/Pods-KLELibrary-checkManifestLockResult.txt",
			);
			runOnlyForDeploymentPostprocessing = 0;
			shellPath = /bin/sh;
			shellScript = "diff \"${PODS_PODFILE_DIR_PATH}/Podfile.lock\" \"${PODS_ROOT}/Manifest.lock\" > /dev/null\nif [ $? != 0 ] ; then\n    # print error to STDERR\n    echo \"error: The sandbox is not in sync with the Podfile.lock. Run 'pod install' or update your CocoaPods installation.\" >&2\n    exit 1\nfi\n# This output is used by Xcode 'outputs' to avoid re-running this script phase.\necho \"SUCCESS\" > \"${SCRIPT_OUTPUT_FILE_0}\"\n";
			showEnvVarsInLog = 0;
		};
		C59DA0FBD6956966B86A3779 /* [CP] Embed Pods Frameworks */ = {
			isa = PBXShellScriptBuildPhase;
			buildActionMask = 2147483647;
			files = (
			);
			inputFileListPaths = (
				"${PODS_ROOT}/Target Support Files/Pods-KLELibrary-KLELibraryTests/Pods-KLELibrary-KLELibraryTests-frameworks-${CONFIGURATION}-input-files.xcfilelist",
			);
			name = "[CP] Embed Pods Frameworks";
			outputFileListPaths = (
				"${PODS_ROOT}/Target Support Files/Pods-KLELibrary-KLELibraryTests/Pods-KLELibrary-KLELibraryTests-frameworks-${CONFIGURATION}-output-files.xcfilelist",
			);
			runOnlyForDeploymentPostprocessing = 0;
			shellPath = /bin/sh;
			shellScript = "\"${PODS_ROOT}/Target Support Files/Pods-KLELibrary-KLELibraryTests/Pods-KLELibrary-KLELibraryTests-frameworks.sh\"\n";
			showEnvVarsInLog = 0;
		};
		E235C05ADACE081382539298 /* [CP] Copy Pods Resources */ = {
			isa = PBXShellScriptBuildPhase;
			buildActionMask = 2147483647;
			files = (
			);
			inputFileListPaths = (
				"${PODS_ROOT}/Target Support Files/Pods-KLELibrary/Pods-KLELibrary-resources-${CONFIGURATION}-input-files.xcfilelist",
			);
			name = "[CP] Copy Pods Resources";
			outputFileListPaths = (
				"${PODS_ROOT}/Target Support Files/Pods-KLELibrary/Pods-KLELibrary-resources-${CONFIGURATION}-output-files.xcfilelist",
			);
			runOnlyForDeploymentPostprocessing = 0;
			shellPath = /bin/sh;
			shellScript = "\"${PODS_ROOT}/Target Support Files/Pods-KLELibrary/Pods-KLELibrary-resources.sh\"\n";
			showEnvVarsInLog = 0;
		};
		F6A41C54EA430FDDC6A6ED99 /* [CP] Copy Pods Resources */ = {
			isa = PBXShellScriptBuildPhase;
			buildActionMask = 2147483647;
			files = (
			);
			inputFileListPaths = (
				"${PODS_ROOT}/Target Support Files/Pods-KLELibrary-KLELibraryTests/Pods-KLELibrary-KLELibraryTests-resources-${CONFIGURATION}-input-files.xcfilelist",
			);
			name = "[CP] Copy Pods Resources";
			outputFileListPaths = (
				"${PODS_ROOT}/Target Support Files/Pods-KLELibrary-KLELibraryTests/Pods-KLELibrary-KLELibraryTests-resources-${CONFIGURATION}-output-files.xcfilelist",
			);
			runOnlyForDeploymentPostprocessing = 0;
			shellPath = /bin/sh;
			shellScript = "\"${PODS_ROOT}/Target Support Files/Pods-KLELibrary-KLELibraryTests/Pods-KLELibrary-KLELibraryTests-resources.sh\"\n";
			showEnvVarsInLog = 0;
		};
		FD10A7F022414F080027D42C /* Start Packager */ = {
			isa = PBXShellScriptBuildPhase;
			buildActionMask = 2147483647;
			files = (
			);
			inputFileListPaths = (
			);
			inputPaths = (
			);
			name = "Start Packager";
			outputFileListPaths = (
			);
			outputPaths = (
			);
			runOnlyForDeploymentPostprocessing = 0;
			shellPath = /bin/sh;
			shellScript = "export RCT_METRO_PORT=\"${RCT_METRO_PORT:=8081}\"\necho \"export RCT_METRO_PORT=${RCT_METRO_PORT}\" > \"${SRCROOT}/../node_modules/react-native/scripts/.packager.env\"\nif [ -z \"${RCT_NO_LAUNCH_PACKAGER+xxx}\" ] ; then\n  if nc -w 5 -z localhost ${RCT_METRO_PORT} ; then\n    if ! curl -s \"http://localhost:${RCT_METRO_PORT}/status\" | grep -q \"packager-status:running\" ; then\n      echo \"Port ${RCT_METRO_PORT} already in use, packager is either not running or not running correctly\"\n      exit 2\n    fi\n  else\n    open \"$SRCROOT/../node_modules/react-native/scripts/launchPackager.command\" || echo \"Can't start packager automatically\"\n  fi\nfi\n";
			showEnvVarsInLog = 0;
		};
/* End PBXShellScriptBuildPhase section */

/* Begin PBXSourcesBuildPhase section */
		00E356EA1AD99517003FC87E /* Sources */ = {
			isa = PBXSourcesBuildPhase;
			buildActionMask = 2147483647;
			files = (
				00E356F31AD99517003FC87E /* KLELibraryTests.m in Sources */,
			);
			runOnlyForDeploymentPostprocessing = 0;
		};
		13B07F871A680F5B00A75B9A /* Sources */ = {
			isa = PBXSourcesBuildPhase;
			buildActionMask = 2147483647;
			files = (
				13B07FBC1A68108700A75B9A /* AppDelegate.mm in Sources */,
				13B07FC11A68108700A75B9A /* main.m in Sources */,
			);
			runOnlyForDeploymentPostprocessing = 0;
		};
/* End PBXSourcesBuildPhase section */

/* Begin PBXTargetDependency section */
		00E356F51AD99517003FC87E /* PBXTargetDependency */ = {
			isa = PBXTargetDependency;
			target = 13B07F861A680F5B00A75B9A /* KLELibrary */;
			targetProxy = 00E356F41AD99517003FC87E /* PBXContainerItemProxy */;
		};
/* End PBXTargetDependency section */

/* Begin XCBuildConfiguration section */
		00E356F61AD99517003FC87E /* Debug */ = {
			isa = XCBuildConfiguration;
			baseConfigurationReference = 5B7EB9410499542E8C5724F5 /* Pods-KLELibrary-KLELibraryTests.debug.xcconfig */;
			buildSettings = {
				BUNDLE_LOADER = "$(TEST_HOST)";
				GCC_PREPROCESSOR_DEFINITIONS = (
					"DEBUG=1",
					"$(inherited)",
				);
				INFOPLIST_FILE = "KLELibraryTests/Info.plist";
				IPHONEOS_DEPLOYMENT_TARGET = 12.4;
				LD_RUNPATH_SEARCH_PATHS = (
					"$(inherited)",
					"@executable_path/Frameworks",
					"@loader_path/Frameworks",
				);
				OTHER_LDFLAGS = (
					"-ObjC",
					"-lc++",
					"$(inherited)",
				);
				PRODUCT_BUNDLE_IDENTIFIER = "com.kle.library";
				PRODUCT_NAME = "$(TARGET_NAME)";
				TEST_HOST = "$(BUILT_PRODUCTS_DIR)/KLELibrary.app/KLELibrary";
			};
			name = Debug;
		};
		00E356F71AD99517003FC87E /* Release */ = {
			isa = XCBuildConfiguration;
			baseConfigurationReference = 89C6BE57DB24E9ADA2F236DE /* Pods-KLELibrary-KLELibraryTests.release.xcconfig */;
			buildSettings = {
				BUNDLE_LOADER = "$(TEST_HOST)";
				COPY_PHASE_STRIP = NO;
				INFOPLIST_FILE = "KLELibraryTests/Info.plist";
				IPHONEOS_DEPLOYMENT_TARGET = 12.4;
				LD_RUNPATH_SEARCH_PATHS = (
					"$(inherited)",
					"@executable_path/Frameworks",
					"@loader_path/Frameworks",
				);
				OTHER_LDFLAGS = (
					"-ObjC",
					"-lc++",
					"$(inherited)",
				);
				PRODUCT_BUNDLE_IDENTIFIER = "com.kle.library";
				PRODUCT_NAME = "$(TARGET_NAME)";
				TEST_HOST = "$(BUILT_PRODUCTS_DIR)/KLELibrary.app/KLELibrary";
			};
			name = Release;
		};
		13B07F941A680F5B00A75B9A /* Debug */ = {
			isa = XCBuildConfiguration;
			baseConfigurationReference = 3B4392A12AC88292D35C810B /* Pods-KLELibrary.debug.xcconfig */;
			buildSettings = {
				ASSETCATALOG_COMPILER_APPICON_NAME = AppIcon;
				CLANG_ENABLE_MODULES = YES;
				CURRENT_PROJECT_VERSION = 1;
				ENABLE_BITCODE = NO;
				INFOPLIST_FILE = "KLELibrary/Info.plist";
             INFOPLIST_KEY_CFBundleDisplayName = "KLE Library";
				LD_RUNPATH_SEARCH_PATHS = (
					"$(inherited)",
					"@executable_path/Frameworks",
				);
				MARKETING_VERSION = 1.0;
				OTHER_LDFLAGS = (
					"$(inherited)",
					"-ObjC",
					"-lc++",
				);
				PRODUCT_BUNDLE_IDENTIFIER = "com.kle.library";
				PRODUCT_NAME = "KLELibrary";
				SWIFT_OPTIMIZATION_LEVEL = "-Onone";
				SWIFT_VERSION = 5.0;
				VERSIONING_SYSTEM = "apple-generic";
			};
			name = Debug;
		};
		13B07F951A680F5B00A75B9A /* Release */ = {
			isa = XCBuildConfiguration;
			baseConfigurationReference = 5709B34CF0A7D63546082F79 /* Pods-KLELibrary.release.xcconfig */;
			buildSettings = {
				ASSETCATALOG_COMPILER_APPICON_NAME = AppIcon;
				CLANG_ENABLE_MODULES = YES;
				CURRENT_PROJECT_VERSION = 1;
				INFOPLIST_FILE = "KLELibrary/Info.plist";
             INFOPLIST_KEY_CFBundleDisplayName = "KLE Library";
				LD_RUNPATH_SEARCH_PATHS = (
					"$(inherited)",
					"@executable_path/Frameworks",
				);
				MARKETING_VERSION = 1.0;
				OTHER_LDFLAGS = (
					"$(inherited)",
					"-ObjC",
					"-lc++",
				);
				PRODUCT_BUNDLE_IDENTIFIER = "com.kle.library";
				PRODUCT_NAME = "KLELibrary";
				SWIFT_VERSION = 5.0;
				VERSIONING_SYSTEM = "apple-generic";
			};
			name = Release;
		};
		83CBBA201A601CBA00E9B192 /* Debug */ = {
			isa = XCBuildConfiguration;
			buildSettings = {
				ALWAYS_SEARCH_USER_PATHS = NO;
				CLANG_ANALYZER_LOCALIZABILITY_NONLOCALIZED = YES;
				CLANG_CXX_LANGUAGE_STANDARD = "c++17";
				CLANG_CXX_LIBRARY = "libc++";
				CLANG_ENABLE_MODULES = YES;
				CLANG_ENABLE_OBJC_ARC = YES;
				CLANG_WARN_BLOCK_CAPTURE_AUTORELEASING = YES;
				CLANG_WARN_BOOL_CONVERSION = YES;
				CLANG_WARN_COMMA = YES;
				CLANG_WARN_CONSTANT_CONVERSION = YES;
				CLANG_WARN_DEPRECATED_OBJC_IMPLEMENTATIONS = YES;
				CLANG_WARN_DIRECT_OBJC_ISA_USAGE = YES_ERROR;
				CLANG_WARN_EMPTY_BODY = YES;
				CLANG_WARN_ENUM_CONVERSION = YES;
				CLANG_WARN_INFINITE_RECURSION = YES;
				CLANG_WARN_INT_CONVERSION = YES;
				CLANG_WARN_NON_LITERAL_NULL_CONVERSION = YES;
				CLANG_WARN_OBJC_IMPLICIT_RETAIN_SELF = YES;
				CLANG_WARN_OBJC_LITERAL_CONVERSION = YES;
				CLANG_WARN_OBJC_ROOT_CLASS = YES_ERROR;
				CLANG_WARN_QUOTED_INCLUDE_IN_FRAMEWORK_HEADER = YES;
				CLANG_WARN_RANGE_LOOP_ANALYSIS = YES;
				CLANG_WARN_STRICT_PROTOTYPES = YES;
				CLANG_WARN_SUSPICIOUS_MOVE = YES;
				CLANG_WARN_UNREACHABLE_CODE = YES;
				CLANG_WARN__DUPLICATE_METHOD_MATCH = YES;
				"CODE_SIGN_IDENTITY[sdk=iphoneos*]" = "iPhone Developer";
				COPY_PHASE_STRIP = NO;
				ENABLE_STRICT_OBJC_MSGSEND = YES;
				ENABLE_TESTABILITY = YES;
				"EXCLUDED_ARCHS[sdk=iphonesimulator*]" = "";
				GCC_C_LANGUAGE_STANDARD = gnu99;
				GCC_DYNAMIC_NO_PIC = NO;
				GCC_NO_COMMON_BLOCKS = YES;
				GCC_OPTIMIZATION_LEVEL = 0;
				GCC_PREPROCESSOR_DEFINITIONS = (
					"DEBUG=1",
					"$(inherited)",
				);
				GCC_SYMBOLS_PRIVATE_EXTERN = NO;
				GCC_WARN_64_TO_32_BIT_CONVERSION = YES;
				GCC_WARN_ABOUT_RETURN_TYPE = YES_ERROR;
				GCC_WARN_UNDECLARED_SELECTOR = YES;
				GCC_WARN_UNINITIALIZED_AUTOS = YES_AGGRESSIVE;
				GCC_WARN_UNUSED_FUNCTION = YES;
				GCC_WARN_UNUSED_VARIABLE = YES;
				IPHONEOS_DEPLOYMENT_TARGET = 12.4;
				LD_RUNPATH_SEARCH_PATHS = (
					/usr/lib/swift,
					"$(inherited)",
				);
				LIBRARY_SEARCH_PATHS = (
					"\"$(SDKROOT)/usr/lib/swift\"",
					"\"$(TOOLCHAIN_DIR)/usr/lib/swift/$(PLATFORM_NAME)\"",
					"\"$(inherited)\"",
				);
				MTL_ENABLE_DEBUG_INFO = YES;
				ONLY_ACTIVE_ARCH = YES;
				OTHER_CPLUSPLUSFLAGS = (
					"$(OTHER_CFLAGS)",
					"-DFOLLY_NO_CONFIG",
					"-DFOLLY_MOBILE=1",
					"-DFOLLY_USE_LIBCPP=1",
				);
				SDKROOT = iphoneos;
			};
			name = Debug;
		};
		83CBBA211A601CBA00E9B192 /* Release */ = {
			isa = XCBuildConfiguration;
			buildSettings = {
				ALWAYS_SEARCH_USER_PATHS = NO;
				CLANG_ANALYZER_LOCALIZABILITY_NONLOCALIZED = YES;
				CLANG_CXX_LANGUAGE_STANDARD = "c++17";
				CLANG_CXX_LIBRARY = "libc++";
				CLANG_ENABLE_MODULES = YES;
				CLANG_ENABLE_OBJC_ARC = YES;
				CLANG_WARN_BLOCK_CAPTURE_AUTORELEASING = YES;
				CLANG_WARN_BOOL_CONVERSION = YES;
				CLANG_WARN_COMMA = YES;
				CLANG_WARN_CONSTANT_CONVERSION = YES;
				CLANG_WARN_DEPRECATED_OBJC_IMPLEMENTATIONS = YES;
				CLANG_WARN_DIRECT_OBJC_ISA_USAGE = YES_ERROR;
				CLANG_WARN_EMPTY_BODY = YES;
				CLANG_WARN_ENUM_CONVERSION = YES;
				CLANG_WARN_INFINITE_RECURSION = YES;
				CLANG_WARN_INT_CONVERSION = YES;
				CLANG_WARN_NON_LITERAL_NULL_CONVERSION = YES;
				CLANG_WARN_OBJC_IMPLICIT_RETAIN_SELF = YES;
				CLANG_WARN_OBJC_LITERAL_CONVERSION = YES;
				CLANG_WARN_OBJC_ROOT_CLASS = YES_ERROR;
				CLANG_WARN_QUOTED_INCLUDE_IN_FRAMEWORK_HEADER = YES;
				CLANG_WARN_RANGE_LOOP_ANALYSIS = YES;
				CLANG_WARN_STRICT_PROTOTYPES = YES;
				CLANG_WARN_SUSPICIOUS_MOVE = YES;
				CLANG_WARN_UNREACHABLE_CODE = YES;
				CLANG_WARN__DUPLICATE_METHOD_MATCH = YES;
				"CODE_SIGN_IDENTITY[sdk=iphoneos*]" = "iPhone Developer";
				COPY_PHASE_STRIP = YES;
				ENABLE_NS_ASSERTIONS = NO;
				ENABLE_STRICT_OBJC_MSGSEND = YES;
				"EXCLUDED_ARCHS[sdk=iphonesimulator*]" = "";
				GCC_C_LANGUAGE_STANDARD = gnu99;
				GCC_NO_COMMON_BLOCKS = YES;
				GCC_WARN_64_TO_32_BIT_CONVERSION = YES;
				GCC_WARN_ABOUT_RETURN_TYPE = YES_ERROR;
				GCC_WARN_UNDECLARED_SELECTOR = YES;
				GCC_WARN_UNINITIALIZED_AUTOS = YES_AGGRESSIVE;
				GCC_WARN_UNUSED_FUNCTION = YES;
				GCC_WARN_UNUSED_VARIABLE = YES;
				IPHONEOS_DEPLOYMENT_TARGET = 12.4;
				LD_RUNPATH_SEARCH_PATHS = (
					/usr/lib/swift,
					"$(inherited)",
				);
				LIBRARY_SEARCH_PATHS = (
					"\"$(SDKROOT)/usr/lib/swift\"",
					"\"$(TOOLCHAIN_DIR)/usr/lib/swift/$(PLATFORM_NAME)\"",
					"\"$(inherited)\"",
				);
				MTL_ENABLE_DEBUG_INFO = NO;
				OTHER_CPLUSPLUSFLAGS = (
					"$(OTHER_CFLAGS)",
					"-DFOLLY_NO_CONFIG",
					"-DFOLLY_MOBILE=1",
					"-DFOLLY_USE_LIBCPP=1",
				);
				SDKROOT = iphoneos;
				VALIDATE_PRODUCT = YES;
			};
			name = Release;
		};
/* End XCBuildConfiguration section */

/* Begin XCConfigurationList section */
		00E357021AD99517003FC87E /* Build configuration list for PBXNativeTarget "KLELibraryTests" */ = {
			isa = XCConfigurationList;
			buildConfigurations = (
				00E356F61AD99517003FC87E /* Debug */,
				00E356F71AD99517003FC87E /* Release */,
			);
			defaultConfigurationIsVisible = 0;
			defaultConfigurationName = Release;
		};
		13B07F931A680F5B00A75B9A /* Build configuration list for PBXNativeTarget "KLELibrary" */ = {
			isa = XCConfigurationList;
			buildConfigurations = (
				13B07F941A680F5B00A75B9A /* Debug */,
				13B07F951A680F5B00A75B9A /* Release */,
			);
			defaultConfigurationIsVisible = 0;
			defaultConfigurationName = Release;
		};
		83CBB9FA1A601CBA00E9B192 /* Build configuration list for PBXProject "KLELibrary" */ = {
			isa = XCConfigurationList;
			buildConfigurations = (
				83CBBA201A601CBA00E9B192 /* Debug */,
				83CBBA211A601CBA00E9B192 /* Release */,
			);
			defaultConfigurationIsVisible = 0;
			defaultConfigurationName = Release;
		};
/* End XCConfigurationList section */
	};
	rootObject = 83CBB9F71A601CBA00E9B192 /* Project object */;
}
